[agents_md.coding.coding]
text="""On a coding task strictily follow these rules.
Most important, never delete files, which you should not touch or which dont belong to your current task. If you are not 100% they should be deleted, dont, just mention them and leave this to the user!!!
"""

[agents_md.coding.coding.basic]
text="""
- Build modular first. No code files longer than 300 lines of code! Documentation, plans and example files and notebooks etc. can be as long as needed, but src code files must be modular.
- Keep source layout as flat as possible until related changes become hard to find or reason about. When structure is needed, group files by cohesive responsibility, feature, or ownership boundary so related behavior, state, integrations, and helpers stay close together.
- Think ahead! Do not write code that you know will need to be changed later without planning for that change now. So keep entrypoints stable and isolate logic into smaller modules from the start!
- Do not limit yourself due to the LOC limit! If a task requires more code, split it into multiple files/modules/functions
- The LOC limit does not apply to text files, autogenerated files and special files where a single file is expected (e.g. migration files)
- Do not add default fallbacks during development phase. Is something fails, let it fail, so we can fix it!
- Do not leavy empty try-catch blocks anywhere!
- Do not reinvent the wheel! Use open source, self-hosted libraries when needed. Ask the user, and help them qualify their selection.
- Every file should have an initial file docstring and every class, function method etc should also have a detailed docstring, where arguments and returntypes are explained. the layout should follow the guidelines of the respective programming language.
"""

[agents_md.coding.coding.structure."Choosing Flat vs. Nested Folders"]
text="""
Use the structure that makes ownership obvious. Keep a folder flat only while its files form one clear concept and remain easy to scan. Add subfolders as soon as files split into distinct responsibilities, layers, lifecycle stages, or change patterns.
Prefer nesting when files naturally group by purpose, such as contracts/, runtime/, ui/, tests/, fixtures/, validation/, or adapters/. Avoid nesting only when it adds empty ceremony, such as one-file folders with no real boundary.
Do not decide by file count alone. Decide by whether the structure helps a new developer quickly understand where behavior belongs.
"""

[agents_md.coding.coding.TDD]
text="""
- every codechange or new implementation should be refelected in tests, before the coding starts.
- the test should cover the basic functionalities bt also edge cases in seperate tests.
- start the implemntation if all tests are written
- implement until all tests run as excpected
- tests should only be changed afterwards if the expbected behaviour changes during the implmenetation
- tests should never contain mocks or code injections to simulate the expected behaviour, unless the mocking is used to simulate external resources (like apis, long running functions) - parts of the actual source code should not be mocked
- test dont make sense if i want you to change a constant and you write a test to check for this constant in the source code. tests should not look at source code, but at behaviour.
- if you write example files e.g. for documentation, this usually does not require tests.
"""

[agents_md.coding.coding.debugging]
text="""
- if something does not work as expected, make use of logging or write additional test to find out the reson, dont simpy assume, always verify.
- try not to use temparary script files or prolonged python calls, if there is a bug, a tests, that chacks for this bug makes sense and can stay
"""

[agents_md.autocommit.coding.git]
text="""
The aim is to always have a clean git status. So whenever you finish a work make one or more commits with the changes.
When running on long runnig task the commits should not happen at the end all together, but if possible make intermediat commits if the commit would be a closed change meaning it could be applied to the codebase and following commits could be ignored and it would still work.
When you worked on files that aare ignored, never inignore them or force push, ignored files are ignored for a reason!
Never under no circumstances perform a push.
"""

[agents_md.System-of-record.architecture.system-of-record]
text="""
Before changing, adding, moving, or deleting code, identify which system-of-record entries describe the affected structure, behavior, contracts, dependencies, workflows, or architectural boundaries. Consult and update those entries as part of the change, not as a separate cleanup task.

Use this default layout unless the repository already defines a better one:

- `.docs/ARCHITECTURE.md` — top-level architecture, package/layer boundaries, allowed dependencies
- `.docs/code-relationships.md` — relationships between modules, schemas, generated files, tests, configs, APIs, UI, CLI, jobs, and external integrations
- `.docs/domains/<domain>.md` — domain concepts, invariants, workflows, and ownership of behavior
- `.docs/contracts/<contract>.md` — public APIs, data schemas, events, config formats, storage formats, and compatibility rules
- `.docs/workflows/<workflow>.md` — operational workflows, validation steps, release/migration procedures
- `.docs/decisions/<id>-<topic>.md` — durable architectural or product decisions and their rationale
- `.docs/generated/` — generated reference documentation; regenerate via tooling, do not hand-edit unless fixing the generator
- `.docs/plans/active/` — execution plans for complex or risky changes, whenever plans are created put them here
- `.docs/plans/completed/` — completed plans with final decisions and relevant follow-ups. if a plan from active is complete, move it here

If a required system-of-record entry is missing, stale, ambiguous, or structurally misplaced, do not ignore the gap. Create or repair the entry carefully at the correct structural location. For non-trivial entries, delegate the documentation task to a high-reasoning sub-agent with necessary information and this instruction: inspect the whole relevant codebase area, infer the actual structure from code and tests, avoid inventing unsupported rules, write the minimal durable record, and cross-link all affected files, tests, contracts, and workflows.

Every code change must leave the system of record accurate at the relevant structural positions. Do not append a generic “task completed” note. Update the specific architecture, relationship, contract, domain, workflow, decision, generated, or plan document that owns the changed fact.
"""

[agents_md.python.coding.python.tests]
text="""
- tests should be written preferably with pytest, not unittest.
- test settings should be stored in pytest.toml
"""

[agents_md.uv.environments.uv]
text="""
This environment is managed with uv. so many commands should be run with uv <cmd>. Where cmd can be run to run a python script, add to install a package and so on.
"""

[agents_md.repo-rules.general.rules]
text="""
Repo rules are retrieved on demand. Before code edits, config or hook changes, generated-file updates, long-running commands, external tool use, or subagent delegation, query local rules with repo-rule-search skill:
Use Boolean tags with `AND`, `OR`, `NOT`, and parentheses.
If possible spawn a subagent to retrieve the relevant rules for you (unless you are this agent).
Read the full rule file for any returned rule that applies or remains uncertain.
"""

[agents]
enabled = ["rule-retriever"]
disabled = []

[[agents.copies]]
name = "rule-retriever"
source = "/home/flamel/.codexmgr/agents/rule-retriever.toml"
target = "/home/flamel/projects/wolf-325/.codex/agents/rule-retriever.toml"

[[skills.config]]
name = "conventional-commit"
enabled = true

[[skills.config]]
name = "implementation-plan"
enabled = true

[[skills.config]]
name = "think-with-agents"
enabled = true

[[skills.config]]
name = "repo-rule-manager"
enabled = true

[[skills.config]]
name = "repo-rule-search"
enabled = true

[[skills.copies]]
name = "conventional-commit"
source = "codexmgr_home"
target = ".agents/skills/conventional-commit"

[[skills.copies]]
name = "implementation-plan"
source = "codexmgr_home"
target = ".agents/skills/implementation-plan"

[[skills.copies]]
name = "think-with-agents"
source = "codexmgr_home"
target = ".agents/skills/think-with-agents"

[[skills.copies]]
name = "repo-rule-manager"
source = "codexmgr_home"
target = ".agents/skills/repo-rule-manager"

[[skills.copies]]
name = "repo-rule-search"
source = "codexmgr_home"
target = ".agents/skills/repo-rule-search"

[hooks]
enabled = ["repo-rules"]
disabled = []
created_hooks_json = true

[[hooks.copies]]
name = "repo-rules"
source = "/home/flamel/.codexmgr/hooks/repo-rules"
target = "/home/flamel/projects/wolf-325/.codex/hooks/repo-rules"

[rules]
enabled = ["plan-location_when_system_of_record.md", "process-wait-brainstorming.md", "user-refinement-todos.md"]
disabled = []

[[rules.copies]]
relative_path = "plan-location_when_system_of_record.md"
source = "/home/flamel/.codexmgr/rules/plan-location_when_system_of_record.md"
target = "/home/flamel/projects/wolf-325/.rules/plan-location_when_system_of_record.md"

[[rules.copies]]
relative_path = "process-wait-brainstorming.md"
source = "/home/flamel/.codexmgr/rules/process-wait-brainstorming.md"
target = "/home/flamel/projects/wolf-325/.rules/process-wait-brainstorming.md"

[[rules.copies]]
relative_path = "user-refinement-todos.md"
source = "/home/flamel/.codexmgr/rules/user-refinement-todos.md"
target = "/home/flamel/projects/wolf-325/.rules/user-refinement-todos.md"
